// !$*UTF8*$!
{
	archiveVersion = 1;
	classes = {
	};
	objectVersion = 46;
	objects = {

/* Begin PBXBuildFile section */
		1B0069EA1C2F24A3005C96BE /* Minecraft.ttf in Resources */ = {isa = PBXBuildFile; fileRef = 1B0069E91C2F24A3005C96BE /* Minecraft.ttf */; };
		1B0069EC1C335918005C96BE /* btn.wav in Resources */ = {isa = PBXBuildFile; fileRef = 1B0069EB1C335918005C96BE /* btn.wav */; };
		1B316D041C2EF8E9001DC6D0 /* AppDelegate.swift in Sources */ = {isa = PBXBuildFile; fileRef = 1B316D031C2EF8E9001DC6D0 /* AppDelegate.swift */; };
		1B316D061C2EF8E9001DC6D0 /* ViewController.swift in Sources */ = {isa = PBXBuildFile; fileRef = 1B316D051C2EF8E9001DC6D0 /* ViewController.swift */; };
		1B316D091C2EF8E9001DC6D0 /* Main.storyboard in Resources */ = {isa = PBXBuildFile; fileRef = 1B316D071C2EF8E9001DC6D0 /* Main.storyboard */; };
		1B316D0B1C2EF8E9001DC6D0 /* Assets.xcassets in Resources */ = {isa = PBXBuildFile; fileRef = 1B316D0A1C2EF8E9001DC6D0 /* Assets.xcassets */; };
		1B316D0E1C2EF8E9001DC6D0 /* LaunchScreen.storyboard in Resources */ = {isa = PBXBuildFile; fileRef = 1B316D0C1C2EF8E9001DC6D0 /* LaunchScreen.storyboard */; };
/* End PBXBuildFile section */

/* Begin PBXFileReference section */
		1B0069E91C2F24A3005C96BE /* Minecraft.ttf */ = {isa = PBXFileReference; lastKnownFileType = file; path = Minecraft.ttf; sourceTree = "<group>"; };
		1B0069EB1C335918005C96BE /* btn.wav */ = {isa = PBXFileReference; lastKnownFileType = audio.wav; path = btn.wav; sourceTree = "<group>"; };
		1B316D001C2EF8E9001DC6D0 /* retro-calculator-example.app */ = {isa = PBXFileReference; explicitFileType = wrapper.application; includeInIndex = 0; path = "retro-calculator-example.app"; sourceTree = BUILT_PRODUCTS_DIR; };
		1B316D031C2EF8E9001DC6D0 /* AppDelegate.swift */ = {isa = PBXFileReference; lastKnownFileType = sourcecode.swift; path = AppDelegate.swift; sourceTree = "<group>"; };
		1B316D051C2EF8E9001DC6D0 /* ViewController.swift */ = {isa = PBXFileReference; lastKnownFileType = sourcecode.swift; path = ViewController.swift; sourceTree = "<group>"; };
		1B316D081C2EF8E9001DC6D0 /* Base */ = {isa = PBXFileReference; lastKnownFileType = file.storyboard; name = Base; path = Base.lproj/Main.storyboard; sourceTree = "<group>"; };
		1B316D0A1C2EF8E9001DC6D0 /* Assets.xcassets */ = {isa = PBXFileReference; lastKnownFileType = folder.assetcatalog; path = Assets.xcassets; sourceTree = "<group>"; };
		1B316D0D1C2EF8E9001DC6D0 /* Base */ = {isa = PBXFileReference; lastKnownFileType = file.storyboard; name = Base; path = Base.lproj/LaunchScreen.storyboard; sourceTree = "<group>"; };
		1B316D0F1C2EF8E9001DC6D0 /* Info.plist */ = {isa = PBXFileReference; lastKnownFileType = text.plist.xml; path = Info.plist; sourceTree = "<group>"; };
/* End PBXFileReference section */

/* Begin PBXFrameworksBuildPhase section */
		1B316CFD1C2EF8E9001DC6D0 /* Frameworks */ = {
			isa = PBXFrameworksBuildPhase;
			buildActionMask = 2147483647;
			files = (
			);
			runOnlyForDeploymentPostprocessing = 0;
		};
/* End PBXFrameworksBuildPhase section */

/* Begin PBXGroup section */
		1B316CF71C2EF8E9001DC6D0 = {
			isa = PBXGroup;
			children = (
				1B316D021C2EF8E9001DC6D0 /* retro-calculator-example */,
				1B316D011C2EF8E9001DC6D0 /* Products */,
			);
			sourceTree = "<group>";
		};
		1B316D011C2EF8E9001DC6D0 /* Products */ = {
			isa = PBXGroup;
			children = (
				1B316D001C2EF8E9001DC6D0 /* retro-calculator-example.app */,
			);
			name = Products;
			sourceTree = "<group>";
		};
		1B316D021C2EF8E9001DC6D0 /* retro-calculator-example */ = {
			isa = PBXGroup;
			children = (
				1B0069E91C2F24A3005C96BE /* Minecraft.ttf */,
				1B0069EB1C335918005C96BE /* btn.wav */,
				1B316D031C2EF8E9001DC6D0 /* AppDelegate.swift */,
				1B316D051C2EF8E9001DC6D0 /* ViewController.swift */,
				1B316D071C2EF8E9001DC6D0 /* Main.storyboard */,
				1B316D0A1C2EF8E9001DC6D0 /* Assets.xcassets */,
				1B316D0C1C2EF8E9001DC6D0 /* LaunchScreen.storyboard */,
				1B316D0F1C2EF8E9001DC6D0 /* Info.plist */,
			);
			path = "retro-calculator-example";
			sourceTree = "<group>";
		};
/* End PBXGroup section */

/* Begin PBXNativeTarget section */
		1B316CFF1C2EF8E9001DC6D0 /* retro-calculator-example */ = {
			isa = PBXNativeTarget;
			buildConfigurationList = 1B316D121C2EF8E9001DC6D0 /* Build configuration list for PBXNativeTarget "retro-calculator-example" */;
			buildPhases = (
				1B316CFC1C2EF8E9001DC6D0 /* Sources */,
				1B316CFD1C2EF8E9001DC6D0 /* Frameworks */,
				1B316CFE1C2EF8E9001DC6D0 /* Resources */,
			);
			buildRules = (
			);
			dependencies = (
			);
			name = "retro-calculator-example";
			productName = "retro-calculator-example";
			productReference = 1B316D001C2EF8E9001DC6D0 /* retro-calculator-example.app */;
			productType = "com.apple.product-type.application";
		};
/* End PBXNativeTarget section */

/* Begin PBXProject section */
		1B316CF81C2EF8E9001DC6D0 /* Project object */ = {
			isa = PBXProject;
			attributes = {
				LastSwiftUpdateCheck = 0720;
				LastUpgradeCheck = 0720;
				ORGANIZATIONNAME = toplevel;
				TargetAttributes = {
					1B316CFF1C2EF8E9001DC6D0 = {
						CreatedOnToolsVersion = 7.2;
					};
				};
			};
			buildConfigurationList = 1B316CFB1C2EF8E9001DC6D0 /* Build configuration list for PBXProject "retro-calculator-example" */;
			compatibilityVersion = "Xcode 3.2";
			developmentRegion = English;
			hasScannedForEncodings = 0;
			knownRegions = (
				en,
				Base,
			);
			mainGroup = 1B316CF71C2EF8E9001DC6D0;
			productRefGroup = 1B316D011C2EF8E9001DC6D0 /* Products */;
			projectDirPath = "";
			projectRoot = "";
			targets = (
				1B316CFF1C2EF8E9001DC6D0 /* retro-calculator-example */,
			);
		};
/* End PBXProject section */

/* Begin PBXResourcesBuildPhase section */
		1B316CFE1C2EF8E9001DC6D0 /* Resources */ = {
			isa = PBXResourcesBuildPhase;
			buildActionMask = 2147483647;
			files = (
				1B0069EC1C335918005C96BE /* btn.wav in Resources */,
				1B316D0E1C2EF8E9001DC6D0 /* LaunchScreen.storyboard in Resources */,
				1B316D0B1C2EF8E9001DC6D0 /* Assets.xcassets in Resources */,
				1B0069EA1C2F24A3005C96BE /* Minecraft.ttf in Resources */,
				1B316D091C2EF8E9001DC6D0 /* Main.storyboard in Resources */,
			);
			runOnlyForDeploymentPostprocessing = 0;
		};
/* End PBXResourcesBuildPhase section */

/* Begin PBXSourcesBuildPhase section */
		1B316CFC1C2EF8E9001DC6D0 /* Sources */ = {
			isa = PBXSourcesBuildPhase;
			buildActionMask = 2147483647;
			files = (
				1B316D061C2EF8E9001DC6D0 /* ViewController.swift in Sources */,
				1B316D041C2EF8E9001DC6D0 /* AppDelegate.swift in Sources */,
			);
			runOnlyForDeploymentPostprocessing = 0;
		};
/* End PBXSourcesBuildPhase section */

/* Begin PBXVariantGroup section */
		1B316D071C2EF8E9001DC6D0 /* Main.storyboard */ = {
			isa = PBXVariantGroup;
			children = (
				1B316D081C2EF8E9001DC6D0 /* Base */,
			);
			name = Main.storyboard;
			sourceTree = "<group>";
		};
		1B316D0C1C2EF8E9001DC6D0 /* LaunchScreen.storyboard */ = {
			isa = PBXVariantGroup;
			children = (
				1B316D0D1C2EF8E9001DC6D0 /* Base */,
			);
			name = LaunchScreen.storyboard;
			sourceTree = "<group>";
		};
/* End PBXVariantGroup section */

/* Begin XCBuildConfiguration section */
		1B316D101C2EF8E9001DC6D0 /* Debug */ = {
			isa = XCBuildConfiguration;
			buildSettings = {
				ALWAYS_SEARCH_USER_PATHS = NO;
				CLANG_CXX_LANGUAGE_STANDARD = "gnu++0x";
				CLANG_CXX_LIBRARY = "libc++";
				CLANG_ENABLE_MODULES = YES;
				CLANG_ENABLE_OBJC_ARC = YES;
				CLANG_WARN_BOOL_CONVERSION = YES;
				CLANG_WARN_CONSTANT_CONVERSION = YES;
				CLANG_WARN_DIRECT_OBJC_ISA_USAGE = YES_ERROR;
				CLANG_WARN_EMPTY_BODY = YES;
				CLANG_WARN_ENUM_CONVERSION = YES;
				CLANG_WARN_INT_CONVERSION = YES;
				CLANG_WARN_OBJC_ROOT_CLASS = YES_ERROR;
				CLANG_WARN_UNREACHABLE_CODE = YES;
				CLANG_WARN__DUPLICATE_METHOD_MATCH = YES;
				"CODE_SIGN_IDENTITY[sdk=iphoneos*]" = "iPhone Developer";
				COPY_PHASE_STRIP = NO;
				DEBUG_INFORMATION_FORMAT = dwarf;
				ENABLE_STRICT_OBJC_MSGSEND = YES;
				ENABLE_TESTABILITY = YES;
				GCC_C_LANGUAGE_STANDARD = gnu99;
				GCC_DYNAMIC_NO_PIC = NO;
				GCC_NO_COMMON_BLOCKS = YES;
				GCC_OPTIMIZATION_LEVEL = 0;
				GCC_PREPROCESSOR_DEFINITIONS = (
					"DEBUG=1",
					"$(inherited)",
				);
				GCC_WARN_64_TO_32_BIT_CONVERSION = YES;
				GCC_WARN_ABOUT_RETURN_TYPE = YES_ERROR;
				GCC_WARN_UNDECLARED_SELECTOR = YES;
				GCC_WARN_UNINITIALIZED_AUTOS = YES_AGGRESSIVE;
				GCC_WARN_UNUSED_FUNCTION = YES;
				GCC_WARN_UNUSED_VARIABLE = YES;
				IPHONEOS_DEPLOYMENT_TARGET = 9.2;
				MTL_ENABLE_DEBUG_INFO = YES;
				ONLY_ACTIVE_ARCH = YES;
				SDKROOT = iphoneos;
				SWIFT_OPTIMIZATION_LEVEL = "-Onone";
				TARGETED_DEVICE_FAMILY = "1,2";
			};
			name = Debug;
		};
		1B316D111C2EF8E9001DC6D0 /* Release */ = {
			isa = XCBuildConfiguration;
			buildSettings = {
				ALWAYS_SEARCH_USER_PATHS = NO;
				CLANG_CXX_LANGUAGE_STANDARD = "gnu++0x";
				CLANG_CXX_LIBRARY = "libc++";
				CLANG_ENABLE_MODULES = YES;
				CLANG_ENABLE_OBJC_ARC = YES;
				CLANG_WARN_BOOL_CONVERSION = YES;
				CLANG_WARN_CONSTANT_CONVERSION = YES;
				CLANG_WARN_DIRECT_OBJC_ISA_USAGE = YES_ERROR;
				CLANG_WARN_EMPTY_BODY = YES;
				CLANG_WARN_ENUM_CONVERSION = YES;
				CLANG_WARN_INT_CONVERSION = YES;
				CLANG_WARN_OBJC_ROOT_CLASS = YES_ERROR;
				CLANG_WARN_UNREACHABLE_CODE = YES;
				CLANG_WARN__DUPLICATE_METHOD_MATCH = YES;
				"CODE_SIGN_IDENTITY[sdk=iphoneos*]" = "iPhone Developer";
				COPY_PHASE_STRIP = NO;
				DEBUG_INFORMATION_FORMAT = "dwarf-with-dsym";
				ENABLE_NS_ASSERTIONS = NO;
				ENABLE_STRICT_OBJC_MSGSEND = YES;
				GCC_C_LANGUAGE_STANDARD = gnu99;
				GCC_NO_COMMON_BLOCKS = YES;
				GCC_WARN_64_TO_32_BIT_CONVERSION = YES;
				GCC_WARN_ABOUT_RETURN_TYPE = YES_ERROR;
				GCC_WARN_UNDECLARED_SELECTOR = YES;
				GCC_WARN_UNINITIALIZED_AUTOS = YES_AGGRESSIVE;
				GCC_WARN_UNUSED_FUNCTION = YES;
				GCC_WARN_UNUSED_VARIABLE = YES;
				IPHONEOS_DEPLOYMENT_TARGET = 9.2;
				MTL_ENABLE_DEBUG_INFO = NO;
				SDKROOT = iphoneos;
				TARGETED_DEVICE_FAMILY = "1,2";
				VALIDATE_PRODUCT = YES;
			};
			name = Release;
		};
		1B316D131C2EF8E9001DC6D0 /* Debug */ = {
			isa = XCBuildConfiguration;
			buildSettings = {
				ASSETCATALOG_COMPILER_APPICON_NAME = AppIcon;
				INFOPLIST_FILE = "retro-calculator-example/Info.plist";
				LD_RUNPATH_SEARCH_PATHS = "$(inherited) @executable_path/Frameworks";
				PRODUCT_BUNDLE_IDENTIFIER = "com.toplevel.retro-calculator-example";
				PRODUCT_NAME = "$(TARGET_NAME)";
			};
			name = Debug;
		};
		1B316D141C2EF8E9001DC6D0 /* Release */ = {
			isa = XCBuildConfiguration;
			buildSettings = {
				ASSETCATALOG_COMPILER_APPICON_NAME = AppIcon;
				INFOPLIST_FILE = "retro-calculator-example/Info.plist";
				LD_RUNPATH_SEARCH_PATHS = "$(inherited) @executable_path/Frameworks";
				PRODUCT_BUNDLE_IDENTIFIER = "com.toplevel.retro-calculator-example";
				PRODUCT_NAME = "$(TARGET_NAME)";
			};
			name = Release;
		};
/* End XCBuildConfiguration section */

/* Begin XCConfigurationList section */
		1B316CFB1C2EF8E9001DC6D0 /* Build configuration list for PBXProject "retro-calculator-example" */ = {
			isa = XCConfigurationList;
			buildConfigurations = (
				1B316D101C2EF8E9001DC6D0 /* Debug */,
				1B316D111C2EF8E9001DC6D0 /* Release */,
			);
			defaultConfigurationIsVisible = 0;
			defaultConfigurationName = Release;
		};
		1B316D121C2EF8E9001DC6D0 /* Build configuration list for PBXNativeTarget "retro-calculator-example" */ = {
			isa = XCConfigurationList;
			buildConfigurations = (
				1B316D131C2EF8E9001DC6D0 /* Debug */,
				1B316D141C2EF8E9001DC6D0 /* Release */,
			);
			defaultConfigurationIsVisible = 0;
			defaultConfigurationName = Release;
		};
/* End XCConfigurationList section */
	};
	rootObject = 1B316CF81C2EF8E9001DC6D0 /* Project object */;
}
